
Microsoft Visual Studio Solution File, Format Version 12.00
# Visual Studio 14
VisualStudioVersion = 14.0.25420.1
MinimumVisualStudioVersion = 10.0.40219.1
Project("{FAE04EC0-301F-11D3-BF4B-00C04F79EFBC}") = "MCMC", "MCMC\MCMC.csproj", "{6B3C6431-F6F4-4984-A590-1731CB770C54}"
EndProject
Project("{FAE04EC0-301F-11D3-BF4B-00C04F79EFBC}") = "Test_MCMC", "Test_MCMC\Test_MCMC.csproj", "{17889A88-299F-4F4A-8C71-563CEC2A69F9}"
EndProject
Global
	GlobalSection(SolutionConfigurationPlatforms) = preSolution
		Debug|Any CPU = Debug|Any CPU
		Release|Any CPU = Release|Any CPU
	EndGlobalSection
	GlobalSection(ProjectConfigurationPlatforms) = postSolution
		{6B3C6431-F6F4-4984-A590-1731CB770C54}.Debug|Any CPU.ActiveCfg = Debug|Any CPU
		{6B3C6431-F6F4-4984-A590-1731CB770C54}.Debug|Any CPU.Build.0 = Debug|Any CPU
		{6B3C6431-F6F4-4984-A590-1731CB770C54}.Release|Any CPU.ActiveCfg = Release|Any CPU
		{6B3C6431-F6F4-4984-A590-1731CB770C54}.Release|Any CPU.Build.0 = Release|Any CPU
		{17889A88-299F-4F4A-8C71-563CEC2A69F9}.Debug|Any CPU.ActiveCfg = Debug|Any CPU
		{17889A88-299F-4F4A-8C71-563CEC2A69F9}.Debug|Any CPU.Build.0 = Debug|Any CPU
		{17889A88-299F-4F4A-8C71-563CEC2A69F9}.Release|Any CPU.ActiveCfg = Release|Any CPU
		{17889A88-299F-4F4A-8C71-563CEC2A69F9}.Release|Any CPU.Build.0 = Release|Any CPU
	EndGlobalSection
	GlobalSection(SolutionProperties) = preSolution
		HideSolutionNode = FALSE
	EndGlobalSection
EndGlobal
